
Microsoft Visual Studio Solution File, Format Version 12.00
# Visual Studio Version 16
VisualStudioVersion = 16.0.31729.503
MinimumVisualStudioVersion = 10.0.40219.1
Project("{FAE04EC0-301F-11D3-BF4B-00C04F79EFBC}") = "April27", "April27\April27.csproj", "{94FABA75-4995-48E9-855E-FCD448418B1D}"
EndProject
Global
	GlobalSection(SolutionConfigurationPlatforms) = preSolution
		Debug|Any CPU = Debug|Any CPU
		Release|Any CPU = Release|Any CPU
	EndGlobalSection
	GlobalSection(ProjectConfigurationPlatforms) = postSolution
		{94FABA75-4995-48E9-855E-FCD448418B1D}.Debug|Any CPU.ActiveCfg = Debug|Any CPU
		{94FABA75-4995-48E9-855E-FCD448418B1D}.Debug|Any CPU.Build.0 = Debug|Any CPU
		{94FABA75-4995-48E9-855E-FCD448418B1D}.Release|Any CPU.ActiveCfg = Release|Any CPU
		{94FABA75-4995-48E9-855E-FCD448418B1D}.Release|Any CPU.Build.0 = Release|Any CPU
	EndGlobalSection
	GlobalSection(SolutionProperties) = preSolution
		HideSolutionNode = FALSE
	EndGlobalSection
	GlobalSection(ExtensibilityGlobals) = postSolution
		SolutionGuid = {A3F078CA-DA20-4CE8-82DE-FBCF3E6D297A}
	EndGlobalSection
EndGlobal
